// !$*UTF8*$!
{
	archiveVersion = 1;
	classes = {
	};
	objectVersion = 50;
	objects = {

/* Begin PBXBuildFile section */
		0EDAB440254F3A75000912C0 /* ResultBMIViewController.swift in Sources */ = {isa = PBXBuildFile; fileRef = 0EDAB43F254F3A75000912C0 /* ResultBMIViewController.swift */; };
		0EE36513254AAF050041E0FC /* AppDelegate.swift in Sources */ = {isa = PBXBuildFile; fileRef = 0EE36512254AAF050041E0FC /* AppDelegate.swift */; };
		0EE36515254AAF050041E0FC /* SceneDelegate.swift in Sources */ = {isa = PBXBuildFile; fileRef = 0EE36514254AAF050041E0FC /* SceneDelegate.swift */; };
		0EE3651A254AAF050041E0FC /* Main.storyboard in Resources */ = {isa = PBXBuildFile; fileRef = 0EE36518254AAF050041E0FC /* Main.storyboard */; };
		0EE3651C254AAF090041E0FC /* Assets.xcassets in Resources */ = {isa = PBXBuildFile; fileRef = 0EE3651B254AAF090041E0FC /* Assets.xcassets */; };
		0EE3651F254AAF090041E0FC /* LaunchScreen.storyboard in Resources */ = {isa = PBXBuildFile; fileRef = 0EE3651D254AAF090041E0FC /* LaunchScreen.storyboard */; };
		0EE36527254B22B50041E0FC /* BMICalculatorViewController.swift in Sources */ = {isa = PBXBuildFile; fileRef = 0EE36526254B22B50041E0FC /* BMICalculatorViewController.swift */; };
/* End PBXBuildFile section */

/* Begin PBXFileReference section */
		0EDAB43F254F3A75000912C0 /* ResultBMIViewController.swift */ = {isa = PBXFileReference; lastKnownFileType = sourcecode.swift; path = ResultBMIViewController.swift; sourceTree = "<group>"; };
		0EE3650F254AAF050041E0FC /* BaiTapBuoi4Techmaster.app */ = {isa = PBXFileReference; explicitFileType = wrapper.application; includeInIndex = 0; path = BaiTapBuoi4Techmaster.app; sourceTree = BUILT_PRODUCTS_DIR; };
		0EE36512254AAF050041E0FC /* AppDelegate.swift */ = {isa = PBXFileReference; lastKnownFileType = sourcecode.swift; path = AppDelegate.swift; sourceTree = "<group>"; };
		0EE36514254AAF050041E0FC /* SceneDelegate.swift */ = {isa = PBXFileReference; lastKnownFileType = sourcecode.swift; path = SceneDelegate.swift; sourceTree = "<group>"; };
		0EE36519254AAF050041E0FC /* Base */ = {isa = PBXFileReference; lastKnownFileType = file.storyboard; name = Base; path = Base.lproj/Main.storyboard; sourceTree = "<group>"; };
		0EE3651B254AAF090041E0FC /* Assets.xcassets */ = {isa = PBXFileReference; lastKnownFileType = folder.assetcatalog; path = Assets.xcassets; sourceTree = "<group>"; };
		0EE3651E254AAF090041E0FC /* Base */ = {isa = PBXFileReference; lastKnownFileType = file.storyboard; name = Base; path = Base.lproj/LaunchScreen.storyboard; sourceTree = "<group>"; };
		0EE36520254AAF090041E0FC /* Info.plist */ = {isa = PBXFileReference; lastKnownFileType = text.plist.xml; path = Info.plist; sourceTree = "<group>"; };
		0EE36526254B22B50041E0FC /* BMICalculatorViewController.swift */ = {isa = PBXFileReference; lastKnownFileType = sourcecode.swift; path = BMICalculatorViewController.swift; sourceTree = "<group>"; };
/* End PBXFileReference section */

/* Begin PBXFrameworksBuildPhase section */
		0EE3650C254AAF050041E0FC /* Frameworks */ = {
			isa = PBXFrameworksBuildPhase;
			buildActionMask = 2147483647;
			files = (
			);
			runOnlyForDeploymentPostprocessing = 0;
		};
/* End PBXFrameworksBuildPhase section */

/* Begin PBXGroup section */
		0EE36506254AAF050041E0FC = {
			isa = PBXGroup;
			children = (
				0EE36511254AAF050041E0FC /* BaiTapBuoi4Techmaster */,
				0EE36510254AAF050041E0FC /* Products */,
			);
			sourceTree = "<group>";
		};
		0EE36510254AAF050041E0FC /* Products */ = {
			isa = PBXGroup;
			children = (
				0EE3650F254AAF050041E0FC /* BaiTapBuoi4Techmaster.app */,
			);
			name = Products;
			sourceTree = "<group>";
		};
		0EE36511254AAF050041E0FC /* BaiTapBuoi4Techmaster */ = {
			isa = PBXGroup;
			children = (
				0EE36512254AAF050041E0FC /* AppDelegate.swift */,
				0EE36514254AAF050041E0FC /* SceneDelegate.swift */,
				0EE36526254B22B50041E0FC /* BMICalculatorViewController.swift */,
				0EDAB43F254F3A75000912C0 /* ResultBMIViewController.swift */,
				0EE36518254AAF050041E0FC /* Main.storyboard */,
				0EE3651B254AAF090041E0FC /* Assets.xcassets */,
				0EE3651D254AAF090041E0FC /* LaunchScreen.storyboard */,
				0EE36520254AAF090041E0FC /* Info.plist */,
			);
			path = BaiTapBuoi4Techmaster;
			sourceTree = "<group>";
		};
/* End PBXGroup section */

/* Begin PBXNativeTarget section */
		0EE3650E254AAF050041E0FC /* BaiTapBuoi4Techmaster */ = {
			isa = PBXNativeTarget;
			buildConfigurationList = 0EE36523254AAF090041E0FC /* Build configuration list for PBXNativeTarget "BaiTapBuoi4Techmaster" */;
			buildPhases = (
				0EE3650B254AAF050041E0FC /* Sources */,
				0EE3650C254AAF050041E0FC /* Frameworks */,
				0EE3650D254AAF050041E0FC /* Resources */,
			);
			buildRules = (
			);
			dependencies = (
			);
			name = BaiTapBuoi4Techmaster;
			productName = BaiTapBuoi4Techmaster;
			productReference = 0EE3650F254AAF050041E0FC /* BaiTapBuoi4Techmaster.app */;
			productType = "com.apple.product-type.application";
		};
/* End PBXNativeTarget section */

/* Begin PBXProject section */
		0EE36507254AAF050041E0FC /* Project object */ = {
			isa = PBXProject;
			attributes = {
				LastSwiftUpdateCheck = 1130;
				LastUpgradeCheck = 1130;
				ORGANIZATIONNAME = "Nguyen Hung";
				TargetAttributes = {
					0EE3650E254AAF050041E0FC = {
						CreatedOnToolsVersion = 11.3.1;
					};
				};
			};
			buildConfigurationList = 0EE3650A254AAF050041E0FC /* Build configuration list for PBXProject "BaiTapBuoi4Techmaster" */;
			compatibilityVersion = "Xcode 9.3";
			developmentRegion = en;
			hasScannedForEncodings = 0;
			knownRegions = (
				en,
				Base,
			);
			mainGroup = 0EE36506254AAF050041E0FC;
			productRefGroup = 0EE36510254AAF050041E0FC /* Products */;
			projectDirPath = "";
			projectRoot = "";
			targets = (
				0EE3650E254AAF050041E0FC /* BaiTapBuoi4Techmaster */,
			);
		};
/* End PBXProject section */

/* Begin PBXResourcesBuildPhase section */
		0EE3650D254AAF050041E0FC /* Resources */ = {
			isa = PBXResourcesBuildPhase;
			buildActionMask = 2147483647;
			files = (
				0EE3651F254AAF090041E0FC /* LaunchScreen.storyboard in Resources */,
				0EE3651C254AAF090041E0FC /* Assets.xcassets in Resources */,
				0EE3651A254AAF050041E0FC /* Main.storyboard in Resources */,
			);
			runOnlyForDeploymentPostprocessing = 0;
		};
/* End PBXResourcesBuildPhase section */

/* Begin PBXSourcesBuildPhase section */
		0EE3650B254AAF050041E0FC /* Sources */ = {
			isa = PBXSourcesBuildPhase;
			buildActionMask = 2147483647;
			files = (
				0EE36513254AAF050041E0FC /* AppDelegate.swift in Sources */,
				0EDAB440254F3A75000912C0 /* ResultBMIViewController.swift in Sources */,
				0EE36515254AAF050041E0FC /* SceneDelegate.swift in Sources */,
				0EE36527254B22B50041E0FC /* BMICalculatorViewController.swift in Sources */,
			);
			runOnlyForDeploymentPostprocessing = 0;
		};
/* End PBXSourcesBuildPhase section */

/* Begin PBXVariantGroup section */
		0EE36518254AAF050041E0FC /* Main.storyboard */ = {
			isa = PBXVariantGroup;
			children = (
				0EE36519254AAF050041E0FC /* Base */,
			);
			name = Main.storyboard;
			sourceTree = "<group>";
		};
		0EE3651D254AAF090041E0FC /* LaunchScreen.storyboard */ = {
			isa = PBXVariantGroup;
			children = (
				0EE3651E254AAF090041E0FC /* Base */,
			);
			name = LaunchScreen.storyboard;
			sourceTree = "<group>";
		};
/* End PBXVariantGroup section */

/* Begin XCBuildConfiguration section */
		0EE36521254AAF090041E0FC /* Debug */ = {
			isa = XCBuildConfiguration;
			buildSettings = {
				ALWAYS_SEARCH_USER_PATHS = NO;
				CLANG_ANALYZER_NONNULL = YES;
				CLANG_ANALYZER_NUMBER_OBJECT_CONVERSION = YES_AGGRESSIVE;
				CLANG_CXX_LANGUAGE_STANDARD = "gnu++14";
				CLANG_CXX_LIBRARY = "libc++";
				CLANG_ENABLE_MODULES = YES;
				CLANG_ENABLE_OBJC_ARC = YES;
				CLANG_ENABLE_OBJC_WEAK = YES;
				CLANG_WARN_BLOCK_CAPTURE_AUTORELEASING = YES;
				CLANG_WARN_BOOL_CONVERSION = YES;
				CLANG_WARN_COMMA = YES;
				CLANG_WARN_CONSTANT_CONVERSION = YES;
				CLANG_WARN_DEPRECATED_OBJC_IMPLEMENTATIONS = YES;
				CLANG_WARN_DIRECT_OBJC_ISA_USAGE = YES_ERROR;
				CLANG_WARN_DOCUMENTATION_COMMENTS = YES;
				CLANG_WARN_EMPTY_BODY = YES;
				CLANG_WARN_ENUM_CONVERSION = YES;
				CLANG_WARN_INFINITE_RECURSION = YES;
				CLANG_WARN_INT_CONVERSION = YES;
				CLANG_WARN_NON_LITERAL_NULL_CONVERSION = YES;
				CLANG_WARN_OBJC_IMPLICIT_RETAIN_SELF = YES;
				CLANG_WARN_OBJC_LITERAL_CONVERSION = YES;
				CLANG_WARN_OBJC_ROOT_CLASS = YES_ERROR;
				CLANG_WARN_RANGE_LOOP_ANALYSIS = YES;
				CLANG_WARN_STRICT_PROTOTYPES = YES;
				CLANG_WARN_SUSPICIOUS_MOVE = YES;
				CLANG_WARN_UNGUARDED_AVAILABILITY = YES_AGGRESSIVE;
				CLANG_WARN_UNREACHABLE_CODE = YES;
				CLANG_WARN__DUPLICATE_METHOD_MATCH = YES;
				COPY_PHASE_STRIP = NO;
				DEBUG_INFORMATION_FORMAT = dwarf;
				ENABLE_STRICT_OBJC_MSGSEND = YES;
				ENABLE_TESTABILITY = YES;
				GCC_C_LANGUAGE_STANDARD = gnu11;
				GCC_DYNAMIC_NO_PIC = NO;
				GCC_NO_COMMON_BLOCKS = YES;
				GCC_OPTIMIZATION_LEVEL = 0;
				GCC_PREPROCESSOR_DEFINITIONS = (
					"DEBUG=1",
					"$(inherited)",
				);
				GCC_WARN_64_TO_32_BIT_CONVERSION = YES;
				GCC_WARN_ABOUT_RETURN_TYPE = YES_ERROR;
				GCC_WARN_UNDECLARED_SELECTOR = YES;
				GCC_WARN_UNINITIALIZED_AUTOS = YES_AGGRESSIVE;
				GCC_WARN_UNUSED_FUNCTION = YES;
				GCC_WARN_UNUSED_VARIABLE = YES;
				IPHONEOS_DEPLOYMENT_TARGET = 13.2;
				MTL_ENABLE_DEBUG_INFO = INCLUDE_SOURCE;
				MTL_FAST_MATH = YES;
				ONLY_ACTIVE_ARCH = YES;
				SDKROOT = iphoneos;
				SWIFT_ACTIVE_COMPILATION_CONDITIONS = DEBUG;
				SWIFT_OPTIMIZATION_LEVEL = "-Onone";
			};
			name = Debug;
		};
		0EE36522254AAF090041E0FC /* Release */ = {
			isa = XCBuildConfiguration;
			buildSettings = {
				ALWAYS_SEARCH_USER_PATHS = NO;
				CLANG_ANALYZER_NONNULL = YES;
				CLANG_ANALYZER_NUMBER_OBJECT_CONVERSION = YES_AGGRESSIVE;
				CLANG_CXX_LANGUAGE_STANDARD = "gnu++14";
				CLANG_CXX_LIBRARY = "libc++";
				CLANG_ENABLE_MODULES = YES;
				CLANG_ENABLE_OBJC_ARC = YES;
				CLANG_ENABLE_OBJC_WEAK = YES;
				CLANG_WARN_BLOCK_CAPTURE_AUTORELEASING = YES;
				CLANG_WARN_BOOL_CONVERSION = YES;
				CLANG_WARN_COMMA = YES;
				CLANG_WARN_CONSTANT_CONVERSION = YES;
				CLANG_WARN_DEPRECATED_OBJC_IMPLEMENTATIONS = YES;
				CLANG_WARN_DIRECT_OBJC_ISA_USAGE = YES_ERROR;
				CLANG_WARN_DOCUMENTATION_COMMENTS = YES;
				CLANG_WARN_EMPTY_BODY = YES;
				CLANG_WARN_ENUM_CONVERSION = YES;
				CLANG_WARN_INFINITE_RECURSION = YES;
				CLANG_WARN_INT_CONVERSION = YES;
				CLANG_WARN_NON_LITERAL_NULL_CONVERSION = YES;
				CLANG_WARN_OBJC_IMPLICIT_RETAIN_SELF = YES;
				CLANG_WARN_OBJC_LITERAL_CONVERSION = YES;
				CLANG_WARN_OBJC_ROOT_CLASS = YES_ERROR;
				CLANG_WARN_RANGE_LOOP_ANALYSIS = YES;
				CLANG_WARN_STRICT_PROTOTYPES = YES;
				CLANG_WARN_SUSPICIOUS_MOVE = YES;
				CLANG_WARN_UNGUARDED_AVAILABILITY = YES_AGGRESSIVE;
				CLANG_WARN_UNREACHABLE_CODE = YES;
				CLANG_WARN__DUPLICATE_METHOD_MATCH = YES;
				COPY_PHASE_STRIP = NO;
				DEBUG_INFORMATION_FORMAT = "dwarf-with-dsym";
				ENABLE_NS_ASSERTIONS = NO;
				ENABLE_STRICT_OBJC_MSGSEND = YES;
				GCC_C_LANGUAGE_STANDARD = gnu11;
				GCC_NO_COMMON_BLOCKS = YES;
				GCC_WARN_64_TO_32_BIT_CONVERSION = YES;
				GCC_WARN_ABOUT_RETURN_TYPE = YES_ERROR;
				GCC_WARN_UNDECLARED_SELECTOR = YES;
				GCC_WARN_UNINITIALIZED_AUTOS = YES_AGGRESSIVE;
				GCC_WARN_UNUSED_FUNCTION = YES;
				GCC_WARN_UNUSED_VARIABLE = YES;
				IPHONEOS_DEPLOYMENT_TARGET = 13.2;
				MTL_ENABLE_DEBUG_INFO = NO;
				MTL_FAST_MATH = YES;
				SDKROOT = iphoneos;
				SWIFT_COMPILATION_MODE = wholemodule;
				SWIFT_OPTIMIZATION_LEVEL = "-O";
				VALIDATE_PRODUCT = YES;
			};
			name = Release;
		};
		0EE36524254AAF090041E0FC /* Debug */ = {
			isa = XCBuildConfiguration;
			buildSettings = {
				ASSETCATALOG_COMPILER_APPICON_NAME = AppIcon;
				CODE_SIGN_STYLE = Automatic;
				INFOPLIST_FILE = BaiTapBuoi4Techmaster/Info.plist;
				LD_RUNPATH_SEARCH_PATHS = (
					"$(inherited)",
					"@executable_path/Frameworks",
				);
				PRODUCT_BUNDLE_IDENTIFIER = hung.vn.BaiTapBuoi4Techmaster;
				PRODUCT_NAME = "$(TARGET_NAME)";
				SWIFT_VERSION = 5.0;
				TARGETED_DEVICE_FAMILY = "1,2";
			};
			name = Debug;
		};
		0EE36525254AAF090041E0FC /* Release */ = {
			isa = XCBuildConfiguration;
			buildSettings = {
				ASSETCATALOG_COMPILER_APPICON_NAME = AppIcon;
				CODE_SIGN_STYLE = Automatic;
				INFOPLIST_FILE = BaiTapBuoi4Techmaster/Info.plist;
				LD_RUNPATH_SEARCH_PATHS = (
					"$(inherited)",
					"@executable_path/Frameworks",
				);
				PRODUCT_BUNDLE_IDENTIFIER = hung.vn.BaiTapBuoi4Techmaster;
				PRODUCT_NAME = "$(TARGET_NAME)";
				SWIFT_VERSION = 5.0;
				TARGETED_DEVICE_FAMILY = "1,2";
			};
			name = Release;
		};
/* End XCBuildConfiguration section */

/* Begin XCConfigurationList section */
		0EE3650A254AAF050041E0FC /* Build configuration list for PBXProject "BaiTapBuoi4Techmaster" */ = {
			isa = XCConfigurationList;
			buildConfigurations = (
				0EE36521254AAF090041E0FC /* Debug */,
				0EE36522254AAF090041E0FC /* Release */,
			);
			defaultConfigurationIsVisible = 0;
			defaultConfigurationName = Release;
		};
		0EE36523254AAF090041E0FC /* Build configuration list for PBXNativeTarget "BaiTapBuoi4Techmaster" */ = {
			isa = XCConfigurationList;
			buildConfigurations = (
				0EE36524254AAF090041E0FC /* Debug */,
				0EE36525254AAF090041E0FC /* Release */,
			);
			defaultConfigurationIsVisible = 0;
			defaultConfigurationName = Release;
		};
/* End XCConfigurationList section */
	};
	rootObject = 0EE36507254AAF050041E0FC /* Project object */;
}
